
Microsoft Visual Studio Solution File, Format Version 12.00
# Visual Studio 15
VisualStudioVersion = 15.0.27130.2027
MinimumVisualStudioVersion = 10.0.40219.1
Project("{FAE04EC0-301F-11D3-BF4B-00C04F79EFBC}") = "FifaWorldCup2018", "FifaWorldCup2018\FifaWorldCup2018.csproj", "{D77008C4-C968-4A76-8276-127C25FD6E4B}"
EndProject
Global
	GlobalSection(SolutionConfigurationPlatforms) = preSolution
		Debug|Any CPU = Debug|Any CPU
		Release|Any CPU = Release|Any CPU
	EndGlobalSection
	GlobalSection(ProjectConfigurationPlatforms) = postSolution
		{D77008C4-C968-4A76-8276-127C25FD6E4B}.Debug|Any CPU.ActiveCfg = Debug|Any CPU
		{D77008C4-C968-4A76-8276-127C25FD6E4B}.Debug|Any CPU.Build.0 = Debug|Any CPU
		{D77008C4-C968-4A76-8276-127C25FD6E4B}.Release|Any CPU.ActiveCfg = Release|Any CPU
		{D77008C4-C968-4A76-8276-127C25FD6E4B}.Release|Any CPU.Build.0 = Release|Any CPU
	EndGlobalSection
	GlobalSection(SolutionProperties) = preSolution
		HideSolutionNode = FALSE
	EndGlobalSection
	GlobalSection(ExtensibilityGlobals) = postSolution
		SolutionGuid = {062A3441-CDF6-46D9-9E0E-ADAEEE9550DA}
	EndGlobalSection
EndGlobal
